
Microsoft Visual Studio Solution File, Format Version 12.00
# Visual Studio Version 17
VisualStudioVersion = 17.6.33723.286
MinimumVisualStudioVersion = 10.0.40219.1
Project("{FAE04EC0-301F-11D3-BF4B-00C04F79EFBC}") = "GeradorDeRelatoriosPDF", "GeradorDeRelatoriosPDF\GeradorDeRelatoriosPDF.csproj", "{AB83E933-AF34-47C9-B5F2-4669C27D5291}"
EndProject
Global
	GlobalSection(SolutionConfigurationPlatforms) = preSolution
		Debug|Any CPU = Debug|Any CPU
		Release|Any CPU = Release|Any CPU
	EndGlobalSection
	GlobalSection(ProjectConfigurationPlatforms) = postSolution
		{AB83E933-AF34-47C9-B5F2-4669C27D5291}.Debug|Any CPU.ActiveCfg = Debug|Any CPU
		{AB83E933-AF34-47C9-B5F2-4669C27D5291}.Debug|Any CPU.Build.0 = Debug|Any CPU
		{AB83E933-AF34-47C9-B5F2-4669C27D5291}.Release|Any CPU.ActiveCfg = Release|Any CPU
		{AB83E933-AF34-47C9-B5F2-4669C27D5291}.Release|Any CPU.Build.0 = Release|Any CPU
	EndGlobalSection
	GlobalSection(SolutionProperties) = preSolution
		HideSolutionNode = FALSE
	EndGlobalSection
	GlobalSection(ExtensibilityGlobals) = postSolution
		SolutionGuid = {206942FB-5CEA-4ABB-8C67-2215032A99BE}
	EndGlobalSection
EndGlobal
